dependencies:
- name: cors_proxy
  repository: ""
  version: 10.1.999
- name: extended_services
  repository: ""
  version: 10.1.999
- name: kie_sandbox
  repository: ""
  version: 10.1.999
digest: sha256:bb95b15b095ae92e9d2d228dec99844f388751f5fbd6060952c1a1c16f92ee2e
generated: "2025-11-09T14:27:54.359075024-03:00"
